{
  "version": 4,
  "terraform_version": "1.2.7",
  "serial": 416,
  "lineage": "3ab5a629-3d4b-8c0b-9361-52f5d30aeab6",
  "outputs": {},
  "resources": [
    {
      "mode": "managed",
      "type": "azurerm_network_interface",
      "name": "nic-myinterface",
      "provider": "provider[\"registry.terraform.io/hashicorp/azurerm\"]",
      "instances": [
        {
          "index_key": 0,
          "schema_version": 0,
          "attributes": {
            "applied_dns_servers": [],
            "dns_servers": [],
            "enable_accelerated_networking": false,
            "enable_ip_forwarding": false,
            "id": "/subscriptions/d6b8dd88-ce92-4e76-8544-ca404aed1dda/resourceGroups/rg-mygroup/providers/Microsoft.Network/networkInterfaces/nic-myinterface-0",
            "internal_dns_name_label": "",
            "internal_domain_name_suffix": "joxnulo2p1eezpcdekdka4f0md.bx.internal.cloudapp.net",
            "ip_configuration": [
              {
                "name": "nic-configuration",
                "primary": true,
                "private_ip_address": "10.0.2.4",
                "private_ip_address_allocation": "Dynamic",
                "private_ip_address_version": "IPv4",
                "public_ip_address_id": "/subscriptions/d6b8dd88-ce92-4e76-8544-ca404aed1dda/resourceGroups/rg-mygroup/providers/Microsoft.Network/publicIPAddresses/ip-mypublic-0",
                "subnet_id": "/subscriptions/d6b8dd88-ce92-4e76-8544-ca404aed1dda/resourceGroups/rg-mygroup/providers/Microsoft.Network/virtualNetworks/vnet-mynetwork/subnets/sub-mysubnet"
              }
            ],
            "location": "eastus",
            "mac_address": "",
            "name": "nic-myinterface-0",
            "private_ip_address": "10.0.2.4",
            "private_ip_addresses": [
              "10.0.2.4"
            ],
            "resource_group_name": "rg-mygroup",
            "tags": null,
            "timeouts": null,
            "virtual_machine_id": ""
          },
          "sensitive_attributes": [],
          "private": "eyJlMmJmYjczMC1lY2FhLTExZTYtOGY4OC0zNDM2M2JjN2M0YzAiOnsiY3JlYXRlIjoxODAwMDAwMDAwMDAwLCJkZWxldGUiOjE4MDAwMDAwMDAwMDAsInJlYWQiOjMwMDAwMDAwMDAwMCwidXBkYXRlIjoxODAwMDAwMDAwMDAwfX0=",
          "dependencies": [
            "azurerm_public_ip.ip-mypublic",
            "azurerm_resource_group.rg-mygroup",
            "azurerm_subnet.sub-mysubnet",
            "azurerm_virtual_network.vnet-mynetwork"
          ]
        },
        {
          "index_key": 1,
          "schema_version": 0,
          "attributes": {
            "applied_dns_servers": [],
            "dns_servers": [],
            "enable_accelerated_networking": false,
            "enable_ip_forwarding": false,
            "id": "/subscriptions/d6b8dd88-ce92-4e76-8544-ca404aed1dda/resourceGroups/rg-mygroup/providers/Microsoft.Network/networkInterfaces/nic-myinterface-1",
            "internal_dns_name_label": "",
            "internal_domain_name_suffix": "joxnulo2p1eezpcdekdka4f0md.bx.internal.cloudapp.net",
            "ip_configuration": [
              {
                "name": "nic-configuration",
                "primary": true,
                "private_ip_address": "10.0.2.5",
                "private_ip_address_allocation": "Dynamic",
                "private_ip_address_version": "IPv4",
                "public_ip_address_id": "/subscriptions/d6b8dd88-ce92-4e76-8544-ca404aed1dda/resourceGroups/rg-mygroup/providers/Microsoft.Network/publicIPAddresses/ip-mypublic-1",
                "subnet_id": "/subscriptions/d6b8dd88-ce92-4e76-8544-ca404aed1dda/resourceGroups/rg-mygroup/providers/Microsoft.Network/virtualNetworks/vnet-mynetwork/subnets/sub-mysubnet"
              }
            ],
            "location": "eastus",
            "mac_address": "",
            "name": "nic-myinterface-1",
            "private_ip_address": "10.0.2.5",
            "private_ip_addresses": [
              "10.0.2.5"
            ],
            "resource_group_name": "rg-mygroup",
            "tags": null,
            "timeouts": null,
            "virtual_machine_id": ""
          },
          "sensitive_attributes": [],
          "private": "eyJlMmJmYjczMC1lY2FhLTExZTYtOGY4OC0zNDM2M2JjN2M0YzAiOnsiY3JlYXRlIjoxODAwMDAwMDAwMDAwLCJkZWxldGUiOjE4MDAwMDAwMDAwMDAsInJlYWQiOjMwMDAwMDAwMDAwMCwidXBkYXRlIjoxODAwMDAwMDAwMDAwfX0=",
          "dependencies": [
            "azurerm_public_ip.ip-mypublic",
            "azurerm_resource_group.rg-mygroup",
            "azurerm_subnet.sub-mysubnet",
            "azurerm_virtual_network.vnet-mynetwork"
          ]
        }
      ]
    },
    {
      "mode": "managed",
      "type": "azurerm_public_ip",
      "name": "ip-mypublic",
      "provider": "provider[\"registry.terraform.io/hashicorp/azurerm\"]",
      "instances": [
        {
          "index_key": 0,
          "schema_version": 0,
          "attributes": {
            "allocation_method": "Static",
            "domain_name_label": null,
            "fqdn": null,
            "id": "/subscriptions/d6b8dd88-ce92-4e76-8544-ca404aed1dda/resourceGroups/rg-mygroup/providers/Microsoft.Network/publicIPAddresses/ip-mypublic-0",
            "idle_timeout_in_minutes": 4,
            "ip_address": "52.150.21.64",
            "ip_version": "IPv4",
            "location": "eastus",
            "name": "ip-mypublic-0",
            "public_ip_prefix_id": null,
            "resource_group_name": "rg-mygroup",
            "reverse_fqdn": null,
            "sku": "Basic",
            "tags": null,
            "timeouts": null,
            "zones": null
          },
          "sensitive_attributes": [],
          "private": "eyJlMmJmYjczMC1lY2FhLTExZTYtOGY4OC0zNDM2M2JjN2M0YzAiOnsiY3JlYXRlIjoxODAwMDAwMDAwMDAwLCJkZWxldGUiOjE4MDAwMDAwMDAwMDAsInJlYWQiOjMwMDAwMDAwMDAwMCwidXBkYXRlIjoxODAwMDAwMDAwMDAwfX0=",
          "dependencies": [
            "azurerm_resource_group.rg-mygroup"
          ]
        },
        {
          "index_key": 1,
          "schema_version": 0,
          "attributes": {
            "allocation_method": "Static",
            "domain_name_label": null,
            "fqdn": null,
            "id": "/subscriptions/d6b8dd88-ce92-4e76-8544-ca404aed1dda/resourceGroups/rg-mygroup/providers/Microsoft.Network/publicIPAddresses/ip-mypublic-1",
            "idle_timeout_in_minutes": 4,
            "ip_address": "52.188.13.88",
            "ip_version": "IPv4",
            "location": "eastus",
            "name": "ip-mypublic-1",
            "public_ip_prefix_id": null,
            "resource_group_name": "rg-mygroup",
            "reverse_fqdn": null,
            "sku": "Basic",
            "tags": null,
            "timeouts": null,
            "zones": null
          },
          "sensitive_attributes": [],
          "private": "eyJlMmJmYjczMC1lY2FhLTExZTYtOGY4OC0zNDM2M2JjN2M0YzAiOnsiY3JlYXRlIjoxODAwMDAwMDAwMDAwLCJkZWxldGUiOjE4MDAwMDAwMDAwMDAsInJlYWQiOjMwMDAwMDAwMDAwMCwidXBkYXRlIjoxODAwMDAwMDAwMDAwfX0=",
          "dependencies": [
            "azurerm_resource_group.rg-mygroup"
          ]
        }
      ]
    },
    {
      "mode": "managed",
      "type": "azurerm_resource_group",
      "name": "rg-mygroup",
      "provider": "provider[\"registry.terraform.io/hashicorp/azurerm\"]",
      "instances": [
        {
          "schema_version": 0,
          "attributes": {
            "id": "/subscriptions/d6b8dd88-ce92-4e76-8544-ca404aed1dda/resourceGroups/rg-mygroup",
            "location": "eastus",
            "name": "rg-mygroup",
            "tags": null,
            "timeouts": null
          },
          "sensitive_attributes": [],
          "private": "eyJlMmJmYjczMC1lY2FhLTExZTYtOGY4OC0zNDM2M2JjN2M0YzAiOnsiY3JlYXRlIjo1NDAwMDAwMDAwMDAwLCJkZWxldGUiOjU0MDAwMDAwMDAwMDAsInJlYWQiOjMwMDAwMDAwMDAwMCwidXBkYXRlIjo1NDAwMDAwMDAwMDAwfX0="
        }
      ]
    },
    {
      "mode": "managed",
      "type": "azurerm_subnet",
      "name": "sub-mysubnet",
      "provider": "provider[\"registry.terraform.io/hashicorp/azurerm\"]",
      "instances": [
        {
          "schema_version": 0,
          "attributes": {
            "address_prefix": "10.0.2.0/24",
            "address_prefixes": [
              "10.0.2.0/24"
            ],
            "delegation": [],
            "enforce_private_link_endpoint_network_policies": false,
            "enforce_private_link_service_network_policies": false,
            "id": "/subscriptions/d6b8dd88-ce92-4e76-8544-ca404aed1dda/resourceGroups/rg-mygroup/providers/Microsoft.Network/virtualNetworks/vnet-mynetwork/subnets/sub-mysubnet",
            "name": "sub-mysubnet",
            "resource_group_name": "rg-mygroup",
            "service_endpoint_policy_ids": null,
            "service_endpoints": null,
            "timeouts": null,
            "virtual_network_name": "vnet-mynetwork"
          },
          "sensitive_attributes": [],
          "private": "eyJlMmJmYjczMC1lY2FhLTExZTYtOGY4OC0zNDM2M2JjN2M0YzAiOnsiY3JlYXRlIjoxODAwMDAwMDAwMDAwLCJkZWxldGUiOjE4MDAwMDAwMDAwMDAsInJlYWQiOjMwMDAwMDAwMDAwMCwidXBkYXRlIjoxODAwMDAwMDAwMDAwfX0=",
          "dependencies": [
            "azurerm_resource_group.rg-mygroup",
            "azurerm_virtual_network.vnet-mynetwork"
          ]
        }
      ]
    },
    {
      "mode": "managed",
      "type": "azurerm_virtual_machine",
      "name": "my-virtualmachine",
      "provider": "provider[\"registry.terraform.io/hashicorp/azurerm\"]",
      "instances": [
        {
          "index_key": 0,
          "schema_version": 0,
          "attributes": {
            "additional_capabilities": [],
            "availability_set_id": null,
            "boot_diagnostics": [],
            "delete_data_disks_on_termination": false,
            "delete_os_disk_on_termination": false,
            "id": "/subscriptions/d6b8dd88-ce92-4e76-8544-ca404aed1dda/resourceGroups/rg-mygroup/providers/Microsoft.Compute/virtualMachines/my-virtualmachine-0",
            "identity": [],
            "license_type": null,
            "location": "eastus",
            "name": "my-virtualmachine-0",
            "network_interface_ids": [
              "/subscriptions/d6b8dd88-ce92-4e76-8544-ca404aed1dda/resourceGroups/rg-mygroup/providers/Microsoft.Network/networkInterfaces/nic-myinterface-0"
            ],
            "os_profile": [
              {
                "admin_password": "",
                "admin_username": "ubuntu",
                "computer_name": "my-virtualmachine",
                "custom_data": ""
              }
            ],
            "os_profile_linux_config": [
              {
                "disable_password_authentication": false,
                "ssh_keys": []
              }
            ],
            "os_profile_secrets": [],
            "os_profile_windows_config": [],
            "plan": [],
            "primary_network_interface_id": null,
            "proximity_placement_group_id": null,
            "resource_group_name": "rg-mygroup",
            "storage_data_disk": [],
            "storage_image_reference": [
              {
                "id": "",
                "offer": "0001-com-ubuntu-server-focal",
                "publisher": "Canonical",
                "sku": "20_04-lts-gen2",
                "version": "latest"
              }
            ],
            "storage_os_disk": [
              {
                "caching": "ReadWrite",
                "create_option": "FromImage",
                "disk_size_gb": 30,
                "image_uri": "",
                "managed_disk_id": "/subscriptions/d6b8dd88-ce92-4e76-8544-ca404aed1dda/resourceGroups/rg-mygroup/providers/Microsoft.Compute/disks/my-osdisk-0",
                "managed_disk_type": "Standard_LRS",
                "name": "my-osdisk-0",
                "os_type": "Linux",
                "vhd_uri": "",
                "write_accelerator_enabled": false
              }
            ],
            "tags": null,
            "timeouts": null,
            "vm_size": "Standard_B1ls",
            "zones": null
          },
          "sensitive_attributes": [],
          "private": "eyJlMmJmYjczMC1lY2FhLTExZTYtOGY4OC0zNDM2M2JjN2M0YzAiOnsiY3JlYXRlIjozNjAwMDAwMDAwMDAwLCJkZWxldGUiOjM2MDAwMDAwMDAwMDAsInJlYWQiOjMwMDAwMDAwMDAwMCwidXBkYXRlIjozNjAwMDAwMDAwMDAwfX0=",
          "dependencies": [
            "azurerm_network_interface.nic-myinterface",
            "azurerm_public_ip.ip-mypublic",
            "azurerm_resource_group.rg-mygroup",
            "azurerm_subnet.sub-mysubnet",
            "azurerm_virtual_network.vnet-mynetwork"
          ]
        },
        {
          "index_key": 1,
          "schema_version": 0,
          "attributes": {
            "additional_capabilities": [],
            "availability_set_id": null,
            "boot_diagnostics": [],
            "delete_data_disks_on_termination": false,
            "delete_os_disk_on_termination": false,
            "id": "/subscriptions/d6b8dd88-ce92-4e76-8544-ca404aed1dda/resourceGroups/rg-mygroup/providers/Microsoft.Compute/virtualMachines/my-virtualmachine-1",
            "identity": [],
            "license_type": null,
            "location": "eastus",
            "name": "my-virtualmachine-1",
            "network_interface_ids": [
              "/subscriptions/d6b8dd88-ce92-4e76-8544-ca404aed1dda/resourceGroups/rg-mygroup/providers/Microsoft.Network/networkInterfaces/nic-myinterface-1"
            ],
            "os_profile": [
              {
                "admin_password": "",
                "admin_username": "ubuntu",
                "computer_name": "my-virtualmachine",
                "custom_data": ""
              }
            ],
            "os_profile_linux_config": [
              {
                "disable_password_authentication": false,
                "ssh_keys": []
              }
            ],
            "os_profile_secrets": [],
            "os_profile_windows_config": [],
            "plan": [],
            "primary_network_interface_id": null,
            "proximity_placement_group_id": null,
            "resource_group_name": "rg-mygroup",
            "storage_data_disk": [],
            "storage_image_reference": [
              {
                "id": "",
                "offer": "0001-com-ubuntu-server-focal",
                "publisher": "Canonical",
                "sku": "20_04-lts-gen2",
                "version": "latest"
              }
            ],
            "storage_os_disk": [
              {
                "caching": "ReadWrite",
                "create_option": "FromImage",
                "disk_size_gb": 30,
                "image_uri": "",
                "managed_disk_id": "/subscriptions/d6b8dd88-ce92-4e76-8544-ca404aed1dda/resourceGroups/rg-mygroup/providers/Microsoft.Compute/disks/my-osdisk-1",
                "managed_disk_type": "Standard_LRS",
                "name": "my-osdisk-1",
                "os_type": "Linux",
                "vhd_uri": "",
                "write_accelerator_enabled": false
              }
            ],
            "tags": null,
            "timeouts": null,
            "vm_size": "Standard_B1ls",
            "zones": null
          },
          "sensitive_attributes": [],
          "private": "eyJlMmJmYjczMC1lY2FhLTExZTYtOGY4OC0zNDM2M2JjN2M0YzAiOnsiY3JlYXRlIjozNjAwMDAwMDAwMDAwLCJkZWxldGUiOjM2MDAwMDAwMDAwMDAsInJlYWQiOjMwMDAwMDAwMDAwMCwidXBkYXRlIjozNjAwMDAwMDAwMDAwfX0=",
          "dependencies": [
            "azurerm_network_interface.nic-myinterface",
            "azurerm_public_ip.ip-mypublic",
            "azurerm_resource_group.rg-mygroup",
            "azurerm_subnet.sub-mysubnet",
            "azurerm_virtual_network.vnet-mynetwork"
          ]
        }
      ]
    },
    {
      "mode": "managed",
      "type": "azurerm_virtual_network",
      "name": "vnet-mynetwork",
      "provider": "provider[\"registry.terraform.io/hashicorp/azurerm\"]",
      "instances": [
        {
          "schema_version": 0,
          "attributes": {
            "address_space": [
              "10.0.0.0/16"
            ],
            "bgp_community": "",
            "ddos_protection_plan": [],
            "dns_servers": null,
            "guid": "2ddaae4b-7edc-4cc8-bc43-2286a078ba63",
            "id": "/subscriptions/d6b8dd88-ce92-4e76-8544-ca404aed1dda/resourceGroups/rg-mygroup/providers/Microsoft.Network/virtualNetworks/vnet-mynetwork",
            "location": "eastus",
            "name": "vnet-mynetwork",
            "resource_group_name": "rg-mygroup",
            "subnet": [],
            "tags": null,
            "timeouts": null,
            "vm_protection_enabled": false
          },
          "sensitive_attributes": [],
          "private": "eyJlMmJmYjczMC1lY2FhLTExZTYtOGY4OC0zNDM2M2JjN2M0YzAiOnsiY3JlYXRlIjoxODAwMDAwMDAwMDAwLCJkZWxldGUiOjE4MDAwMDAwMDAwMDAsInJlYWQiOjMwMDAwMDAwMDAwMCwidXBkYXRlIjoxODAwMDAwMDAwMDAwfX0=",
          "dependencies": [
            "azurerm_resource_group.rg-mygroup"
          ]
        }
      ]
    }
  ]
}
